{
  "pins" : [
    {
      "identity" : "swift-syntax",
      "kind" : "remoteSourceControl",
      "location" : "https://github.com/apple/swift-syntax.git",
      "state" : {
        "revision" : "64889f0c732f210a935a0ad7cda38f77f876262d",
        "version" : "509.1.1"
      }
    },
    {
      "identity" : "vcomponents",
      "kind" : "remoteSourceControl",
      "location" : "https://github.com/VakhoKontridze/VComponents",
      "state" : {
        "revision" : "d4e054e1368dfb530b3382d4e031892a908d71e2",
        "version" : "5.3.1"
      }
    },
    {
      "identity" : "vcore",
      "kind" : "remoteSourceControl",
      "location" : "https://github.com/VakhoKontridze/VCore",
      "state" : {
        "revision" : "4e7feae1fbbc3b1bd97df5162fe63fb14c1bb269",
        "version" : "5.3.1"
      }
    }
  ],
  "version" : 2
}
